<?xml version="1.0" encoding="utf-8"?>
<Project ToolsVersion="4.0" xmlns="http://schemas.microsoft.com/developer/msbuild/2003">
  <ItemGroup>
    <Filter Include="Source Files">
      <UniqueIdentifier>{4FC737F1-C7A5-4376-A066-2A32D752A2FF}</UniqueIdentifier>
      <Extensions>cpp;c;cc;cxx;def;odl;idl;hpj;bat;asm;asmx</Extensions>
    </Filter>
    <Filter Include="Header Files">
      <UniqueIdentifier>{93995380-89BD-4b04-88EB-625FBE52EBFB}</UniqueIdentifier>
      <Extensions>h;hh;hpp;hxx;hm;inl;inc;ipp;xsd</Extensions>
    </Filter>
    <Filter Include="Resource Files">
      <UniqueIdentifier>{67DA6AB6-F800-4c08-8B7A-83BB121AAD01}</UniqueIdentifier>
      <Extensions>rc;ico;cur;bmp;dlg;rc2;rct;bin;rgs;gif;jpg;jpeg;jpe;resx;tiff;tif;png;wav;mfcribbon-ms</Extensions>
    </Filter>
    <Filter Include="Header Files\Network">
      <UniqueIdentifier>{0f6b26ff-d6c2-42a6-a713-a9ada66ad1dc}</UniqueIdentifier>
    </Filter>
    <Filter Include="Header Files\Entity">
      <UniqueIdentifier>{db754242-7454-4dcf-bc85-fe31ec7c9596}</UniqueIdentifier>
    </Filter>
    <Filter Include="Header Files\Util">
      <UniqueIdentifier>{ab13ecd9-832d-4270-9564-55db8acd8a18}</UniqueIdentifier>
    </Filter>
    <Filter Include="Source Files\Network">
      <UniqueIdentifier>{c2930967-df1a-4e70-8fda-912604f68eb4}</UniqueIdentifier>
    </Filter>
    <Filter Include="Source Files\Util">
      <UniqueIdentifier>{72980280-738a-4a30-b406-5afbf995fa9c}</UniqueIdentifier>
    </Filter>
  </ItemGroup>
  <ItemGroup>
    <ClCompile Include="main.cpp">
      <Filter>Source Files</Filter>
    </ClCompile>
    <ClCompile Include="GameServer.cpp">
      <Filter>Source Files</Filter>
    </ClCompile>
    <ClCompile Include="NetworkServer.cpp">
      <Filter>Source Files\Network</Filter>
    </ClCompile>
    <ClCompile Include="IdGenerator.cpp">
      <Filter>Source Files\Util</Filter>
    </ClCompile>
  </ItemGroup>
  <ItemGroup>
    <ClInclude Include="GameServer.hpp">
      <Filter>Header Files</Filter>
    </ClInclude>
    <ClInclude Include="NetworkServer.hpp">
      <Filter>Header Files\Network</Filter>
    </ClInclude>
    <ClInclude Include="SBaseEntity.hpp">
      <Filter>Header Files\Entity</Filter>
    </ClInclude>
    <ClInclude Include="SExampleEntity.hpp">
      <Filter>Header Files\Entity</Filter>
    </ClInclude>
    <ClInclude Include="IdGenerator.hpp">
      <Filter>Header Files\Util</Filter>
    </ClInclude>
  </ItemGroup>
  <ItemGroup>
    <None Include="packages.config" />
  </ItemGroup>
</Project>